Microsoft Visual Studio Solution File, Format Version 12.00
# Visual Studio Version 16
VisualStudioVersion = 16.0.30204.135
MinimumVisualStudioVersion = 10.0.40219.1
Project("{2150E333-8FDC-42A3-9474-1A3956D46DE8}") = "src", "src", "{84161BDC-03C2-4796-A001-430637A10D0A}"
EndProject
Project("{9A19103F-16F7-4668-BE54-9A1E7A4F7556}") = "CleanEvoBPM.Domain", "src\CleanEvoBPM.Domain\CleanEvoBPM.Domain.csproj", "{B80DC1D9-3508-4C46-A3A2-9022A87F4A13}"
EndProject
Project("{9A19103F-16F7-4668-BE54-9A1E7A4F7556}") = "CleanEvoBPM.Infrastructure", "src\CleanEvoBPM.Infrastructure\CleanEvoBPM.Infrastructure.csproj", "{4AF7192F-A815-40B6-9F8B-608F7F23FB9F}"
EndProject
Project("{9A19103F-16F7-4668-BE54-9A1E7A4F7556}") = "CleanEvoBPM.WebAPI", "src\CleanEvoBPM.WebAPI\CleanEvoBPM.WebAPI.csproj", "{017398FD-EB1D-4E5F-949A-078A72A67BA6}"
EndProject
Project("{2150E333-8FDC-42A3-9474-1A3956D46DE8}") = "tests", "tests", "{1B907BB5-9EEB-4019-8645-43671F6727AB}"
EndProject
Project("{9A19103F-16F7-4668-BE54-9A1E7A4F7556}") = "CleanEvoBPM.WebAPI.Test", "tests\CleanEvoBPM.WebAPI.Test\CleanEvoBPM.WebAPI.Test.csproj", "{3CD8000D-9AF5-4077-BB98-22979403EA18}"
EndProject
Project("{2150E333-8FDC-42A3-9474-1A3956D46DE8}") = "database", "database", "{0B804F61-AFDC-4E49-8E2D-EBB1785491B5}"
EndProject
Project("{9A19103F-16F7-4668-BE54-9A1E7A4F7556}") = "CleanEvoBPM.Application", "src\CleanEvoBPM.Application\CleanEvoBPM.Application.csproj", "{E4A28126-9BEA-494D-B918-CB66131C154D}"
EndProject
Project("{00D1A9C2-B5F0-4AF3-8072-F6C62B433612}") = "EvoDPM_DB", "EvoDPM_DB\EvoDPM_DB.sqlproj", "{50E722CD-1618-4906-82B6-5B2288B8407B}"
EndProject
Project("{FAE04EC0-301F-11D3-BF4B-00C04F79EFBC}") = "CleanEvoBPM.Test", "tests\CleanEvoBPM.Test\CleanEvoBPM.Test.csproj", "{EFAB9C58-4938-4DDA-BBE9-CB76E2275040}"
EndProject
Global
	GlobalSection(SolutionConfigurationPlatforms) = preSolution
		Debug|Any CPU = Debug|Any CPU
		Release|Any CPU = Release|Any CPU
	EndGlobalSection
	GlobalSection(ProjectConfigurationPlatforms) = postSolution
		{B80DC1D9-3508-4C46-A3A2-9022A87F4A13}.Debug|Any CPU.ActiveCfg = Debug|Any CPU
		{B80DC1D9-3508-4C46-A3A2-9022A87F4A13}.Debug|Any CPU.Build.0 = Debug|Any CPU
		{B80DC1D9-3508-4C46-A3A2-9022A87F4A13}.Release|Any CPU.ActiveCfg = Release|Any CPU
		{B80DC1D9-3508-4C46-A3A2-9022A87F4A13}.Release|Any CPU.Build.0 = Release|Any CPU
		{4AF7192F-A815-40B6-9F8B-608F7F23FB9F}.Debug|Any CPU.ActiveCfg = Debug|Any CPU
		{4AF7192F-A815-40B6-9F8B-608F7F23FB9F}.Debug|Any CPU.Build.0 = Debug|Any CPU
		{4AF7192F-A815-40B6-9F8B-608F7F23FB9F}.Release|Any CPU.ActiveCfg = Release|Any CPU
		{4AF7192F-A815-40B6-9F8B-608F7F23FB9F}.Release|Any CPU.Build.0 = Release|Any CPU
		{017398FD-EB1D-4E5F-949A-078A72A67BA6}.Debug|Any CPU.ActiveCfg = Debug|Any CPU
		{017398FD-EB1D-4E5F-949A-078A72A67BA6}.Debug|Any CPU.Build.0 = Debug|Any CPU
		{017398FD-EB1D-4E5F-949A-078A72A67BA6}.Release|Any CPU.ActiveCfg = Release|Any CPU
		{017398FD-EB1D-4E5F-949A-078A72A67BA6}.Release|Any CPU.Build.0 = Release|Any CPU
		{3CD8000D-9AF5-4077-BB98-22979403EA18}.Debug|Any CPU.ActiveCfg = Debug|Any CPU
		{3CD8000D-9AF5-4077-BB98-22979403EA18}.Debug|Any CPU.Build.0 = Debug|Any CPU
		{3CD8000D-9AF5-4077-BB98-22979403EA18}.Release|Any CPU.ActiveCfg = Release|Any CPU
		{3CD8000D-9AF5-4077-BB98-22979403EA18}.Release|Any CPU.Build.0 = Release|Any CPU
		{E4A28126-9BEA-494D-B918-CB66131C154D}.Debug|Any CPU.ActiveCfg = Debug|Any CPU
		{E4A28126-9BEA-494D-B918-CB66131C154D}.Debug|Any CPU.Build.0 = Debug|Any CPU
		{E4A28126-9BEA-494D-B918-CB66131C154D}.Release|Any CPU.ActiveCfg = Release|Any CPU
		{E4A28126-9BEA-494D-B918-CB66131C154D}.Release|Any CPU.Build.0 = Release|Any CPU
		{50E722CD-1618-4906-82B6-5B2288B8407B}.Debug|Any CPU.ActiveCfg = Debug|Any CPU
		{50E722CD-1618-4906-82B6-5B2288B8407B}.Debug|Any CPU.Build.0 = Debug|Any CPU
		{50E722CD-1618-4906-82B6-5B2288B8407B}.Debug|Any CPU.Deploy.0 = Debug|Any CPU
		{50E722CD-1618-4906-82B6-5B2288B8407B}.Release|Any CPU.ActiveCfg = Release|Any CPU
		{50E722CD-1618-4906-82B6-5B2288B8407B}.Release|Any CPU.Build.0 = Release|Any CPU
		{50E722CD-1618-4906-82B6-5B2288B8407B}.Release|Any CPU.Deploy.0 = Release|Any CPU
		{EFAB9C58-4938-4DDA-BBE9-CB76E2275040}.Debug|Any CPU.ActiveCfg = Debug|Any CPU
		{EFAB9C58-4938-4DDA-BBE9-CB76E2275040}.Debug|Any CPU.Build.0 = Debug|Any CPU
		{EFAB9C58-4938-4DDA-BBE9-CB76E2275040}.Release|Any CPU.ActiveCfg = Release|Any CPU
		{EFAB9C58-4938-4DDA-BBE9-CB76E2275040}.Release|Any CPU.Build.0 = Release|Any CPU
	EndGlobalSection
	GlobalSection(SolutionProperties) = preSolution
		HideSolutionNode = FALSE
	EndGlobalSection
	GlobalSection(NestedProjects) = preSolution
		{B80DC1D9-3508-4C46-A3A2-9022A87F4A13} = {84161BDC-03C2-4796-A001-430637A10D0A}
		{4AF7192F-A815-40B6-9F8B-608F7F23FB9F} = {84161BDC-03C2-4796-A001-430637A10D0A}
		{017398FD-EB1D-4E5F-949A-078A72A67BA6} = {84161BDC-03C2-4796-A001-430637A10D0A}
		{3CD8000D-9AF5-4077-BB98-22979403EA18} = {1B907BB5-9EEB-4019-8645-43671F6727AB}
		{E4A28126-9BEA-494D-B918-CB66131C154D} = {84161BDC-03C2-4796-A001-430637A10D0A}
		{50E722CD-1618-4906-82B6-5B2288B8407B} = {0B804F61-AFDC-4E49-8E2D-EBB1785491B5}
		{EFAB9C58-4938-4DDA-BBE9-CB76E2275040} = {1B907BB5-9EEB-4019-8645-43671F6727AB}
	EndGlobalSection
	GlobalSection(ExtensibilityGlobals) = postSolution
		SolutionGuid = {792B7A4B-0AFF-4FFA-AADA-E2A410DB561C}
	EndGlobalSection
EndGlobal
